
Microsoft Visual Studio Solution File, Format Version 12.00
# Visual Studio Version 16
VisualStudioVersion = 16.0.34407.143
MinimumVisualStudioVersion = 10.0.40219.1
Project("{FAE04EC0-301F-11D3-BF4B-00C04F79EFBC}") = "ChallengeAssignmentstep547", "ChallengeAssignmentstep547\ChallengeAssignmentstep547.csproj", "{9590F87C-DF6E-455E-9044-C7EF645F9CC1}"
EndProject
Global
	GlobalSection(SolutionConfigurationPlatforms) = preSolution
		Debug|Any CPU = Debug|Any CPU
		Release|Any CPU = Release|Any CPU
	EndGlobalSection
	GlobalSection(ProjectConfigurationPlatforms) = postSolution
		{9590F87C-DF6E-455E-9044-C7EF645F9CC1}.Debug|Any CPU.ActiveCfg = Debug|Any CPU
		{9590F87C-DF6E-455E-9044-C7EF645F9CC1}.Debug|Any CPU.Build.0 = Debug|Any CPU
		{9590F87C-DF6E-455E-9044-C7EF645F9CC1}.Release|Any CPU.ActiveCfg = Release|Any CPU
		{9590F87C-DF6E-455E-9044-C7EF645F9CC1}.Release|Any CPU.Build.0 = Release|Any CPU
	EndGlobalSection
	GlobalSection(SolutionProperties) = preSolution
		HideSolutionNode = FALSE
	EndGlobalSection
	GlobalSection(ExtensibilityGlobals) = postSolution
		SolutionGuid = {59912895-F388-43C4-A9C4-408C6A922E3A}
	EndGlobalSection
EndGlobal
